version = 1
revision = 3
requires-python = ">=3.14"

[[package]]
name = "cfgv"
version = "3.5.0"
source = { registry = "https://pypi.org/simple" }
sdist = { url = "https://files.pythonhosted.org/packages/4e/b5/721b8799b04bf9afe054a3899c6cf4e880fcf8563cc71c15610242490a0c/cfgv-3.5.0.tar.gz", hash = "sha256:d5b1034354820651caa73ede66a6294d6e95c1b00acc5e9b098e917404669132", size = 7334, upload-time = "2025-11-19T20:55:51.612Z" }
wheels = [
    { url = "https://files.pythonhosted.org/packages/db/3c/33bac158f8ab7f89b2e59426d5fe2e4f63f7ed25df84c036890172b412b5/cfgv-3.5.0-py2.py3-none-any.whl", hash = "sha256:a8dc6b26ad22ff227d2634a65cb388215ce6cc96bbcc5cfde7641ae87e8dacc0", size = 7445, upload-time = "2025-11-19T20:55:50.744Z" },
]

[[package]]
name = "distlib"
version = "0.4.3"
source = { registry = "https://pypi.org/simple" }
sdist = { url = "https://files.pythonhosted.org/packages/c9/02/bd72be9134d25ed783ecbbc38a539ffaefbf90c78418c7fb7229600dbac7/distlib-0.4.3.tar.gz", hash = "sha256:f152097224a0ae24be5a0f6bae1b9359af82133bce63f98a95f86cae1aede9ed", size = 615141, upload-time = "2026-06-12T08:04:52.847Z" }
wheels = [
    { url = "https://files.pythonhosted.org/packages/02/08/9c41fb51ab5b43eb21674aff13df270e8ba6c4b29c8624e328dc7a9482af/distlib-0.4.3-py2.py3-none-any.whl", hash = "sha256:4b0ce306c966eb73bc3a7b6abad017c556dadd92c44701562cd528ac7fde4d5b", size = 470628, upload-time = "2026-06-12T08:04:50.506Z" },
]

[[package]]
name = "filelock"
version = "3.32.4"
source = { registry = "https://pypi.org/simple" }
sdist = { url = "https://files.pythonhosted.org/packages/6d/30/03b03951873a1a0ffc7e8ca0e10c15597b59e8d0e39260704cd2ea087bc4/filelock-3.32.4.tar.gz", hash = "sha256:2bde2e4cf732e0153406d8a7bc80620ecf5e621fe0d25e41143c4e3b4733ff30", size = 222126, upload-time = "2026-08-23T17:37:55.363Z" }
wheels = [
    { url = "https://files.pythonhosted.org/packages/01/a4/9b63d595d748e3aff8812b65eacc1a2c4bd90b7c2012e08e72373b4835eb/filelock-3.32.4-py3-none-any.whl", hash = "sha256:22e58ca3b1ae3b98993b762d7338367ae64fe50252bf78d59da3bfebcdf1cedd", size = 99864, upload-time = "2026-08-23T17:37:53.913Z" },
]

[[package]]
name = "fonttools"
version = "4.63.0"
source = { registry = "https://pypi.org/simple" }
sdist = { url = "https://files.pythonhosted.org/packages/84/69/c97f2c18e0db87d2c7b15da1974dace76ae938f1cfa22e2727a648b7ed43/fonttools-4.63.0.tar.gz", hash = "sha256:caeb583deeb5168e694b65cda8b4ee62abedfa66cf88488734466f2366b9c4e0", size = 3597189, upload-time = "2026-05-14T12:04:30.958Z" }
wheels = [
    { url = "https://files.pythonhosted.org/packages/27/d2/23d25e3f247b328be58d04a4c9f894178a0d1eda7d42867cfb388adaf416/fonttools-4.63.0-cp314-cp314-macosx_10_15_universal2.whl", hash = "sha256:fd1e3094f42d806d3d7c79162fc59e5910fcbe3a7360c385b8da969bc4493745", size = 2875338, upload-time = "2026-05-14T12:03:50.052Z" },
    { url = "https://files.pythonhosted.org/packages/cd/58/7dfa0c761cb3b2964e2a84c4dc986c926a87de0cb9fb60d5b28ded3f2914/fonttools-4.63.0-cp314-cp314-macosx_10_15_x86_64.whl", hash = "sha256:6e528da43bc3791085f8cb6141b1d13e459226790240340fcbb4625649238b03", size = 2422661, upload-time = "2026-05-14T12:03:52.154Z" },
    { url = "https://files.pythonhosted.org/packages/dd/87/64cfa18a7a1621d17b7f4502b2b0ed8a135a90c3db51ea590ee99043e76b/fonttools-4.63.0-cp314-cp314-manylinux2014_aarch64.manylinux_2_17_aarch64.manylinux_2_28_aarch64.whl", hash = "sha256:6b2248c5decb223562f7902ff6325077a073f608ee8e33e88ad88db734eb9f49", size = 5010526, upload-time = "2026-05-14T12:03:54.647Z" },
    { url = "https://files.pythonhosted.org/packages/36/e1/a8933a72c45a87177fbde2696e0d0755c8c9062f8c077a961c6215fa27b1/fonttools-4.63.0-cp314-cp314-manylinux2014_x86_64.manylinux_2_17_x86_64.whl", hash = "sha256:308f957cdeaf8abe4e5f2f124902ef405448af92c90f80e302a3b771c2e6116b", size = 4923946, upload-time = "2026-05-14T12:03:56.984Z" },
    { url = "https://files.pythonhosted.org/packages/27/60/872e6e233b8c5e8b41413796ff18b7fe479661bd40147e071b450dfad7a1/fonttools-4.63.0-cp314-cp314-musllinux_1_2_aarch64.whl", hash = "sha256:bf00f21eb5fb721dbaf73d1e9da6d02a1af7768f2ebcf9798be98beab8ba90f6", size = 4962489, upload-time = "2026-05-14T12:03:59.443Z" },
    { url = "https://files.pythonhosted.org/packages/30/c4/83c24f2ec38b90cfda84bf4b1a1f49df80e84a1db4e7ac6e0d41bf23bc39/fonttools-4.63.0-cp314-cp314-musllinux_1_2_x86_64.whl", hash = "sha256:c1aaa4b9c75798400ac043ce04d74e7830376c85095a5a6ed7cba2f17a266bf4", size = 5071870, upload-time = "2026-05-14T12:04:02.122Z" },
    { url = "https://files.pythonhosted.org/packages/de/40/3ae22b60ff1d41ce0bd044b31238cdc72cef99f28b976f1e128ebd618c9b/fonttools-4.63.0-cp314-cp314-win32.whl", hash = "sha256:22693918177bd9ceabec4736d338045f357769416fc6b0b2508eefef75b08616", size = 2295026, upload-time = "2026-05-14T12:04:04.47Z" },
    { url = "https://files.pythonhosted.org/packages/c3/d4/98078064ccc76b45cb0f6c002452011e93c4bd26f6850344f0951cc1fe89/fonttools-4.63.0-cp314-cp314-win_amd64.whl", hash = "sha256:7d782fac32985914c351556f68ac0855391572bcd87de50e05970d3cd4c96fc5", size = 2347454, upload-time = "2026-05-14T12:04:06.752Z" },
    { url = "https://files.pythonhosted.org/packages/49/4e/652d1580c5f4e39f7d103b0c793e4773129ad633dce4addd0cf4dfebde02/fonttools-4.63.0-cp314-cp314t-macosx_10_15_universal2.whl", hash = "sha256:6db5140a60a5d731d21ec076745b40a310607731b0a565b50776393188649001", size = 2958152, upload-time = "2026-05-14T12:04:08.706Z" },
    { url = "https://files.pythonhosted.org/packages/0e/55/ad864c9a9b219f552eb46b32cd7906c466e5a578ba0c3abfcc0fe7413eb6/fonttools-4.63.0-cp314-cp314t-macosx_10_15_x86_64.whl", hash = "sha256:7d76edbff9014094dbf03bd2d074709dfa6ec7aba13d838c937a2b33d2d6a86e", size = 2460809, upload-time = "2026-05-14T12:04:10.783Z" },
    { url = "https://files.pythonhosted.org/packages/ea/2b/0aa8db70f18cf52e49b4ed5ecec68547f981160bf5ded3b5aed6faa0a6f9/fonttools-4.63.0-cp314-cp314t-manylinux2014_aarch64.manylinux_2_17_aarch64.manylinux_2_28_aarch64.whl", hash = "sha256:0eac00b9118c3c2f87d272e45341871c5b3066baa3c86897fa634a7c3fb59096", size = 5148649, upload-time = "2026-05-14T12:04:12.747Z" },
    { url = "https://files.pythonhosted.org/packages/7f/63/18e4369c25043096f1048e0c9915951adc4f842bd81c6b18155824d6fa99/fonttools-4.63.0-cp314-cp314t-manylinux2014_x86_64.manylinux_2_17_x86_64.whl", hash = "sha256:51394295f1a51de8b5f30bdb1e1b9a4231536c7064ef5c6e211eec19fa36036f", size = 4932147, upload-time = "2026-05-14T12:04:14.806Z" },
    { url = "https://files.pythonhosted.org/packages/a1/3f/67f3eac2ffd8a98446c5022f8ed3864eac878a5ff7af8df4c8286dba16cc/fonttools-4.63.0-cp314-cp314t-musllinux_1_2_aarch64.whl", hash = "sha256:9e12f105d2b6342c559c298afb674006bb2893afc7102dcf8a1b55b0486b4e40", size = 5027237, upload-time = "2026-05-14T12:04:17.675Z" },
    { url = "https://files.pythonhosted.org/packages/1a/ba/4e6214cb38a7b04779e97bb7636de9a5c7f20af7018d03dee0b64c08510a/fonttools-4.63.0-cp314-cp314t-musllinux_1_2_x86_64.whl", hash = "sha256:796f27556dbe094c4824f75ca85267e4df776c79036c8441469a4df37038c196", size = 5053933, upload-time = "2026-05-14T12:04:20.818Z" },
    { url = "https://files.pythonhosted.org/packages/34/3b/214dcc19ee31d3d38fb5ad2755c11ef0514e5dc300bbaf41c0b69f393799/fonttools-4.63.0-cp314-cp314t-win32.whl", hash = "sha256:948428a275741f0b64b113c955425a953314f4b9ab9997f73a72c83e68e569c8", size = 2359326, upload-time = "2026-05-14T12:04:24.22Z" },
    { url = "https://files.pythonhosted.org/packages/dd/1e/3ff1a9b523058c2eeb6a9d50f5574e2a738200d0d94107d5bc4105e8da3f/fonttools-4.63.0-cp314-cp314t-win_amd64.whl", hash = "sha256:6d4741eb179121cab9eea4cb2393d24492373a260d7945006358c08cfbf45419", size = 2425829, upload-time = "2026-05-14T12:04:26.829Z" },
    { url = "https://files.pythonhosted.org/packages/2c/47/c99d5268f354002ce80f8d029cd9d7d872969da1de8b93d32de4dc56d6f4/fonttools-4.63.0-py3-none-any.whl", hash = "sha256:445af2eab030a16b9171ea8bdda7ebf7d96bda2df88ee182a464252f6e05e20d", size = 1164562, upload-time = "2026-05-14T12:04:29.092Z" },
]

[[package]]
name = "identify"
version = "2.6.19"
source = { registry = "https://pypi.org/simple" }
sdist = { url = "https://files.pythonhosted.org/packages/52/63/51723b5f116cc04b061cb6f5a561790abf249d25931d515cd375e063e0f4/identify-2.6.19.tar.gz", hash = "sha256:6be5020c38fcb07da56c53733538a3081ea5aa70d36a156f83044bfbf9173842", size = 99567, upload-time = "2026-04-17T18:39:50.265Z" }
wheels = [
    { url = "https://files.pythonhosted.org/packages/94/84/d9273cd09688070a6523c4aee4663a8538721b2b755c4962aafae0011e72/identify-2.6.19-py2.py3-none-any.whl", hash = "sha256:20e6a87f786f768c092a721ad107fc9df0eb89347be9396cadf3f4abbd1fb78a", size = 99397, upload-time = "2026-04-17T18:39:49.221Z" },
]

[[package]]
name = "nodeenv"
version = "1.10.0"
source = { registry = "https://pypi.org/simple" }
sdist = { url = "https://files.pythonhosted.org/packages/24/bf/d1bda4f6168e0b2e9e5958945e01910052158313224ada5ce1fb2e1113b8/nodeenv-1.10.0.tar.gz", hash = "sha256:996c191ad80897d076bdfba80a41994c2b47c68e224c542b48feba42ba00f8bb", size = 55611, upload-time = "2025-12-20T14:08:54.006Z" }
wheels = [
    { url = "https://files.pythonhosted.org/packages/88/b2/d0896bdcdc8d28a7fc5717c305f1a861c26e18c05047949fb371034d98bd/nodeenv-1.10.0-py2.py3-none-any.whl", hash = "sha256:5bb13e3eed2923615535339b3c620e76779af4cb4c6a90deccc9e36b274d3827", size = 23438, upload-time = "2025-12-20T14:08:52.782Z" },
]

[[package]]
name = "platformdirs"
version = "4.11.3"
source = { registry = "https://pypi.org/simple" }
sdist = { url = "https://files.pythonhosted.org/packages/b8/d7/e7bfbc86e9f99ff7807e24de7703f032e9c9ba80bb355cf26e0e9bc5a75e/platformdirs-4.11.3.tar.gz", hash = "sha256:66a73d38a849810252df809a3d8bcbda8e26f6c189920e7535ad608a48dbb5ab", size = 33050, upload-time = "2026-08-13T22:43:27.52Z" }
wheels = [
    { url = "https://files.pythonhosted.org/packages/19/a9/c34aebedd3a4c9afe5101b1b8713710b3fec18087c8a36c35d2f909861bd/platformdirs-4.11.3-py3-none-any.whl", hash = "sha256:5ed065d443751de711da036041a7a214122efc4a4de393b3f4137ba5576540e7", size = 23491, upload-time = "2026-08-13T22:43:26.121Z" },
]

[[package]]
name = "pre-commit"
version = "4.6.2"
source = { registry = "https://pypi.org/simple" }
dependencies = [
    { name = "cfgv" },
    { name = "identify" },
    { name = "nodeenv" },
    { name = "pyyaml" },
    { name = "virtualenv" },
]
sdist = { url = "https://files.pythonhosted.org/packages/74/89/1f3e8e1fc3e97de0fa963495832f581f025f29471602a309e48808244292/pre_commit-4.6.2.tar.gz", hash = "sha256:8f5d7bfb021ecdbcd9d49d89847082dd24172ccde534390081a679ad046e2441", size = 198670, upload-time = "2026-08-10T22:07:18.421Z" }
wheels = [
    { url = "https://files.pythonhosted.org/packages/45/e2/bbb7129c9e7999a6b8ee9cca3b66486c25c423ab5a75f34071798b74ce94/pre_commit-4.6.2-py2.py3-none-any.whl", hash = "sha256:e2dde9a75d3bce11bd3831c26d134df00a2803c1d818be6a0383c3dcda25dc4e", size = 226202, upload-time = "2026-08-10T22:07:16.942Z" },
]

[[package]]
name = "python-discovery"
version = "1.5.2"
source = { registry = "https://pypi.org/simple" }
dependencies = [
    { name = "filelock" },
]
sdist = { url = "https://files.pythonhosted.org/packages/38/b7/ac44da2cf0e53ada0e419033c2d058219c95dc1403126f163304c9e814b1/python_discovery-1.5.2.tar.gz", hash = "sha256:45fd4f20a4e3f9b7bf2e0817870bc8e3b320a19658da177af800768c82dbf354", size = 82350, upload-time = "2026-08-12T14:05:26.419Z" }
wheels = [
    { url = "https://files.pythonhosted.org/packages/71/45/689603d04b3bb8d7faa00f25c24acef993aab7813b3dbbfc472a459ab0b5/python_discovery-1.5.2-py3-none-any.whl", hash = "sha256:3e338c2d0f15dfaeea57493f4c2c6caebe0e998ea815c30ae8bf8ee21f1112d3", size = 38350, upload-time = "2026-08-12T14:05:25.113Z" },
]

[[package]]
name = "pyyaml"
version = "6.0.3"
source = { registry = "https://pypi.org/simple" }
sdist = { url = "https://files.pythonhosted.org/packages/05/8e/961c0007c59b8dd7729d542c61a4d537767a59645b82a0b521206e1e25c2/pyyaml-6.0.3.tar.gz", hash = "sha256:d76623373421df22fb4cf8817020cbb7ef15c725b9d5e45f17e189bfc384190f", size = 130960, upload-time = "2025-09-25T21:33:16.546Z" }
wheels = [
    { url = "https://files.pythonhosted.org/packages/9d/8c/f4bd7f6465179953d3ac9bc44ac1a8a3e6122cf8ada906b4f96c60172d43/pyyaml-6.0.3-cp314-cp314-macosx_10_13_x86_64.whl", hash = "sha256:8d1fab6bb153a416f9aeb4b8763bc0f22a5586065f86f7664fc23339fc1c1fac", size = 181814, upload-time = "2025-09-25T21:32:35.712Z" },
    { url = "https://files.pythonhosted.org/packages/bd/9c/4d95bb87eb2063d20db7b60faa3840c1b18025517ae857371c4dd55a6b3a/pyyaml-6.0.3-cp314-cp314-macosx_11_0_arm64.whl", hash = "sha256:34d5fcd24b8445fadc33f9cf348c1047101756fd760b4dacb5c3e99755703310", size = 173809, upload-time = "2025-09-25T21:32:36.789Z" },
    { url = "https://files.pythonhosted.org/packages/92/b5/47e807c2623074914e29dabd16cbbdd4bf5e9b2db9f8090fa64411fc5382/pyyaml-6.0.3-cp314-cp314-manylinux2014_aarch64.manylinux_2_17_aarch64.manylinux_2_28_aarch64.whl", hash = "sha256:501a031947e3a9025ed4405a168e6ef5ae3126c59f90ce0cd6f2bfc477be31b7", size = 766454, upload-time = "2025-09-25T21:32:37.966Z" },
    { url = "https://files.pythonhosted.org/packages/02/9e/e5e9b168be58564121efb3de6859c452fccde0ab093d8438905899a3a483/pyyaml-6.0.3-cp314-cp314-manylinux2014_s390x.manylinux_2_17_s390x.manylinux_2_28_s390x.whl", hash = "sha256:b3bc83488de33889877a0f2543ade9f70c67d66d9ebb4ac959502e12de895788", size = 836355, upload-time = "2025-09-25T21:32:39.178Z" },
    { url = "https://files.pythonhosted.org/packages/88/f9/16491d7ed2a919954993e48aa941b200f38040928474c9e85ea9e64222c3/pyyaml-6.0.3-cp314-cp314-manylinux2014_x86_64.manylinux_2_17_x86_64.manylinux_2_28_x86_64.whl", hash = "sha256:c458b6d084f9b935061bc36216e8a69a7e293a2f1e68bf956dcd9e6cbcd143f5", size = 794175, upload-time = "2025-09-25T21:32:40.865Z" },
    { url = "https://files.pythonhosted.org/packages/dd/3f/5989debef34dc6397317802b527dbbafb2b4760878a53d4166579111411e/pyyaml-6.0.3-cp314-cp314-musllinux_1_2_aarch64.whl", hash = "sha256:7c6610def4f163542a622a73fb39f534f8c101d690126992300bf3207eab9764", size = 755228, upload-time = "2025-09-25T21:32:42.084Z" },
    { url = "https://files.pythonhosted.org/packages/d7/ce/af88a49043cd2e265be63d083fc75b27b6ed062f5f9fd6cdc223ad62f03e/pyyaml-6.0.3-cp314-cp314-musllinux_1_2_x86_64.whl", hash = "sha256:5190d403f121660ce8d1d2c1bb2ef1bd05b5f68533fc5c2ea899bd15f4399b35", size = 789194, upload-time = "2025-09-25T21:32:43.362Z" },
    { url = "https://files.pythonhosted.org/packages/23/20/bb6982b26a40bb43951265ba29d4c246ef0ff59c9fdcdf0ed04e0687de4d/pyyaml-6.0.3-cp314-cp314-win_amd64.whl", hash = "sha256:4a2e8cebe2ff6ab7d1050ecd59c25d4c8bd7e6f400f5f82b96557ac0abafd0ac", size = 156429, upload-time = "2025-09-25T21:32:57.844Z" },
    { url = "https://files.pythonhosted.org/packages/f4/f4/a4541072bb9422c8a883ab55255f918fa378ecf083f5b85e87fc2b4eda1b/pyyaml-6.0.3-cp314-cp314-win_arm64.whl", hash = "sha256:93dda82c9c22deb0a405ea4dc5f2d0cda384168e466364dec6255b293923b2f3", size = 143912, upload-time = "2025-09-25T21:32:59.247Z" },
    { url = "https://files.pythonhosted.org/packages/7c/f9/07dd09ae774e4616edf6cda684ee78f97777bdd15847253637a6f052a62f/pyyaml-6.0.3-cp314-cp314t-macosx_10_13_x86_64.whl", hash = "sha256:02893d100e99e03eda1c8fd5c441d8c60103fd175728e23e431db1b589cf5ab3", size = 189108, upload-time = "2025-09-25T21:32:44.377Z" },
    { url = "https://files.pythonhosted.org/packages/4e/78/8d08c9fb7ce09ad8c38ad533c1191cf27f7ae1effe5bb9400a46d9437fcf/pyyaml-6.0.3-cp314-cp314t-macosx_11_0_arm64.whl", hash = "sha256:c1ff362665ae507275af2853520967820d9124984e0f7466736aea23d8611fba", size = 183641, upload-time = "2025-09-25T21:32:45.407Z" },
    { url = "https://files.pythonhosted.org/packages/7b/5b/3babb19104a46945cf816d047db2788bcaf8c94527a805610b0289a01c6b/pyyaml-6.0.3-cp314-cp314t-manylinux2014_aarch64.manylinux_2_17_aarch64.manylinux_2_28_aarch64.whl", hash = "sha256:6adc77889b628398debc7b65c073bcb99c4a0237b248cacaf3fe8a557563ef6c", size = 831901, upload-time = "2025-09-25T21:32:48.83Z" },
    { url = "https://files.pythonhosted.org/packages/8b/cc/dff0684d8dc44da4d22a13f35f073d558c268780ce3c6ba1b87055bb0b87/pyyaml-6.0.3-cp314-cp314t-manylinux2014_s390x.manylinux_2_17_s390x.manylinux_2_28_s390x.whl", hash = "sha256:a80cb027f6b349846a3bf6d73b5e95e782175e52f22108cfa17876aaeff93702", size = 861132, upload-time = "2025-09-25T21:32:50.149Z" },
    { url = "https://files.pythonhosted.org/packages/b1/5e/f77dc6b9036943e285ba76b49e118d9ea929885becb0a29ba8a7c75e29fe/pyyaml-6.0.3-cp314-cp314t-manylinux2014_x86_64.manylinux_2_17_x86_64.manylinux_2_28_x86_64.whl", hash = "sha256:00c4bdeba853cc34e7dd471f16b4114f4162dc03e6b7afcc2128711f0eca823c", size = 839261, upload-time = "2025-09-25T21:32:51.808Z" },
    { url = "https://files.pythonhosted.org/packages/ce/88/a9db1376aa2a228197c58b37302f284b5617f56a5d959fd1763fb1675ce6/pyyaml-6.0.3-cp314-cp314t-musllinux_1_2_aarch64.whl", hash = "sha256:66e1674c3ef6f541c35191caae2d429b967b99e02040f5ba928632d9a7f0f065", size = 805272, upload-time = "2025-09-25T21:32:52.941Z" },
    { url = "https://files.pythonhosted.org/packages/da/92/1446574745d74df0c92e6aa4a7b0b3130706a4142b2d1a5869f2eaa423c6/pyyaml-6.0.3-cp314-cp314t-musllinux_1_2_x86_64.whl", hash = "sha256:16249ee61e95f858e83976573de0f5b2893b3677ba71c9dd36b9cf8be9ac6d65", size = 829923, upload-time = "2025-09-25T21:32:54.537Z" },
    { url = "https://files.pythonhosted.org/packages/f0/7a/1c7270340330e575b92f397352af856a8c06f230aa3e76f86b39d01b416a/pyyaml-6.0.3-cp314-cp314t-win_amd64.whl", hash = "sha256:4ad1906908f2f5ae4e5a8ddfce73c320c2a1429ec52eafd27138b7f1cbe341c9", size = 174062, upload-time = "2025-09-25T21:32:55.767Z" },
    { url = "https://files.pythonhosted.org/packages/f1/12/de94a39c2ef588c7e6455cfbe7343d3b2dc9d6b6b2f40c4c6565744c873d/pyyaml-6.0.3-cp314-cp314t-win_arm64.whl", hash = "sha256:ebc55a14a21cb14062aa4162f906cd962b28e2e9ea38f9b4391244cd8de4ae0b", size = 149341, upload-time = "2025-09-25T21:32:56.828Z" },
]

[[package]]
name = "r47-internal-python-tools"
version = "0.0.0"
source = { virtual = "." }

[package.dev-dependencies]
dev = [
    { name = "fonttools" },
    { name = "pre-commit" },
    { name = "ruff" },
    { name = "ty" },
]

[package.metadata]

[package.metadata.requires-dev]
dev = [
    { name = "fonttools", specifier = ">=4.63.0" },
    { name = "pre-commit", specifier = ">=4.6.2" },
    { name = "ruff", specifier = ">=0.16.4" },
    { name = "ty", specifier = ">=0.0.74" },
]

[[package]]
name = "ruff"
version = "0.16.4"
source = { registry = "https://pypi.org/simple" }
sdist = { url = "https://files.pythonhosted.org/packages/00/8f/d8074b1f25e003164087a8bfe79a0f1a3945135764dbb6aaab04103dcaf9/ruff-0.16.4.tar.gz", hash = "sha256:13171aa9d9af2240ee3504e639de73122c67e74036de5ba2e1d01422cd17e3dc", size = 4899731, upload-time = "2026-08-20T17:43:59.196Z" }
wheels = [
    { url = "https://files.pythonhosted.org/packages/ff/80/779895ef584e089d22f2c6df0d0e99a65ec2df0805f1fffd439415b8c1f0/ruff-0.16.4-py3-none-linux_armv6l.whl", hash = "sha256:df4075f71ddac40b9934af60c3ec8a53047dd5a5fdc43224e6e4e8e9a27cb6f7", size = 10006909, upload-time = "2026-08-20T17:43:16.888Z" },
    { url = "https://files.pythonhosted.org/packages/a9/e6/f553199b5e8927a05cb5c422d921fd0656b29ab976e91c44802107c6b0da/ruff-0.16.4-py3-none-macosx_10_12_x86_64.whl", hash = "sha256:0c95538517af68004306b0fb3214ff2f2af67a65092aee77cd9eb86db6656604", size = 10240201, upload-time = "2026-08-20T17:43:19.337Z" },
    { url = "https://files.pythonhosted.org/packages/1c/70/4a6dc4bb34da4dee35e30f09bbd1bfbdd26f33b62fb9b8df31f08a199cd2/ruff-0.16.4-py3-none-macosx_11_0_arm64.whl", hash = "sha256:963f83df8e69e575b64d67dd447ebbc917db41a14bf38d4593a4183e7aaa8255", size = 9835122, upload-time = "2026-08-20T17:43:21.708Z" },
    { url = "https://files.pythonhosted.org/packages/24/12/c6e22d686372c15bcb7af99831f1a1be96df696491babf4f24e4f942c527/ruff-0.16.4-py3-none-manylinux_2_17_aarch64.manylinux2014_aarch64.whl", hash = "sha256:32a5057c7ff3f6e6480a48fccfb3a412a690f48a3d03ac5cf08177d6c2da3ade", size = 9977162, upload-time = "2026-08-20T17:43:24.236Z" },
    { url = "https://files.pythonhosted.org/packages/46/49/72b10ec912f5ab5854992eaf7aa7cd36729b6937d9dc4e0fb41b3bf428ec/ruff-0.16.4-py3-none-manylinux_2_17_armv7l.manylinux2014_armv7l.whl", hash = "sha256:b3dce8d9b0c57c265b91885a66a567d8ea1372e8eb4e250fa8e5e3f579e99cff", size = 9829789, upload-time = "2026-08-20T17:43:26.966Z" },
    { url = "https://files.pythonhosted.org/packages/fa/80/0f30e32e7f6ee26edc39075502db9d368d788a44a79b55f763eb4ab03796/ruff-0.16.4-py3-none-manylinux_2_17_i686.manylinux2014_i686.whl", hash = "sha256:7dc651db49283c69f8e72c834eec4fe5573e4c646856aebece0ce385dceb2a80", size = 10527949, upload-time = "2026-08-20T17:43:29.384Z" },
    { url = "https://files.pythonhosted.org/packages/52/3d/86e8ad3542169e56cac3859a343afdb9df2ad54d35a59ce1e67baee83421/ruff-0.16.4-py3-none-manylinux_2_17_ppc64le.manylinux2014_ppc64le.whl", hash = "sha256:3817b87dbcabc92f13b05019257c5b89b5b4d51b5fb20f56fb5235ceb723cd07", size = 11333695, upload-time = "2026-08-20T17:43:31.872Z" },
    { url = "https://files.pythonhosted.org/packages/d0/16/481c29b380c20a0054a8261066665e1b3488e23636c49d0a43e75975b9bb/ruff-0.16.4-py3-none-manylinux_2_17_s390x.manylinux2014_s390x.whl", hash = "sha256:e9fce1499134b2c8c68e5166f95705a5812062bb93aacc5f9873bb1a27084bc7", size = 10727741, upload-time = "2026-08-20T17:43:34.596Z" },
    { url = "https://files.pythonhosted.org/packages/5e/b6/56bc0b8cf45b54b28b3a5e6381c8945d51b5b18adf659454c32295209a31/ruff-0.16.4-py3-none-manylinux_2_17_x86_64.manylinux2014_x86_64.whl", hash = "sha256:f2d812e482f5a7e02eee26cd73d2a37ebbdf47d795ea63ba1b89110ae93e9fb3", size = 10286522, upload-time = "2026-08-20T17:43:37.288Z" },
    { url = "https://files.pythonhosted.org/packages/e8/8b/b345b4fb110f2fbe2bd31eabd271e5e8b3b7e4ee6c0e02f2dc6be78db000/ruff-0.16.4-py3-none-manylinux_2_31_riscv64.whl", hash = "sha256:6baaf984aa7976edf93d3b627fe2d1d22ee94bbca05fa6f90fc76d73924e3454", size = 10584182, upload-time = "2026-08-20T17:43:39.984Z" },
    { url = "https://files.pythonhosted.org/packages/29/e5/827b34041c35f58774a9681a4213994c164fc987800f4dddabcf451da0bf/ruff-0.16.4-py3-none-musllinux_1_2_aarch64.whl", hash = "sha256:bdfcf0b28662eb890372d50f92c283bb94e67e7635ed93c7fd533970acff7b2b", size = 10134195, upload-time = "2026-08-20T17:43:42.351Z" },
    { url = "https://files.pythonhosted.org/packages/0f/10/d0bffcdd6729b87afc82ba0ef377173356a7dc8e972f5179968cf2fdf98c/ruff-0.16.4-py3-none-musllinux_1_2_armv7l.whl", hash = "sha256:b66b02cb9b04f537643cadf5768e5f98dc461890d530cb67113d71c8c76e605d", size = 9825821, upload-time = "2026-08-20T17:43:44.532Z" },
    { url = "https://files.pythonhosted.org/packages/f5/32/0db2a863b796ca62d83e92a07a3ccf00921b14db02059347576a2fda3d4b/ruff-0.16.4-py3-none-musllinux_1_2_i686.whl", hash = "sha256:8528bf9a4b291a60bf02ea453511e8ce6215bd2b982ee80405b66b008b6c30a0", size = 10267658, upload-time = "2026-08-20T17:43:46.989Z" },
    { url = "https://files.pythonhosted.org/packages/b2/a0/fbdeb59e48c6261f523e56c8f12e9c08fbe693786595cc7e3959207a9232/ruff-0.16.4-py3-none-musllinux_1_2_x86_64.whl", hash = "sha256:fbd85d2875fdd67e833213a651f613bbf25303abf6aa822a5121f4531195678d", size = 10697071, upload-time = "2026-08-20T17:43:49.891Z" },
    { url = "https://files.pythonhosted.org/packages/aa/28/0c6dd865859c6d17bc8ccc34cb72b0e02d6c7eb25e8a1e22b5bea681e2c0/ruff-0.16.4-py3-none-win32.whl", hash = "sha256:312769988007aaeb8e189b443ccdd03c0e6374489e053467be6d96518ebff76e", size = 10021687, upload-time = "2026-08-20T17:43:52.281Z" },
    { url = "https://files.pythonhosted.org/packages/a3/03/e724450f621698117f9aa6dd241c94d0274ae96781378dc86745ae29f0e7/ruff-0.16.4-py3-none-win_amd64.whl", hash = "sha256:05d9d27a18c4bcbefada602480ec9e01e0bc949d432e0ced5df77edac195919c", size = 10567657, upload-time = "2026-08-20T17:43:54.78Z" },
    { url = "https://files.pythonhosted.org/packages/0e/fe/da8b9e1347696bb22120b77280ec5ce25d500ca5cb39d5ad6e5c18de19c1/ruff-0.16.4-py3-none-win_arm64.whl", hash = "sha256:a3a61621c9b6f6a89573e938a080e648f1695baa3f58570a3a707bc51ff65a21", size = 10451579, upload-time = "2026-08-20T17:43:57.135Z" },
]

[[package]]
name = "ty"
version = "0.0.74"
source = { registry = "https://pypi.org/simple" }
sdist = { url = "https://files.pythonhosted.org/packages/88/0f/c767853e88567a2ec7e996dd95e3105b1bc62c95d103689311ef0f4a603c/ty-0.0.74.tar.gz", hash = "sha256:da14344fc8625fc9ff359bafb856ad575636ea86d9bb6a629b146bff27b380e6", size = 6786318, upload-time = "2026-08-22T15:05:54.054Z" }
wheels = [
    { url = "https://files.pythonhosted.org/packages/2c/95/6ded58bc97885c6d88fa1f9cd815031489200738f961cbf0466663213f80/ty-0.0.74-py3-none-linux_armv6l.whl", hash = "sha256:8969ef4e508debf00cf58f9ea85a539f799b1732c59cdfcecd037630b9755b30", size = 12790043, upload-time = "2026-08-22T15:05:05.015Z" },
    { url = "https://files.pythonhosted.org/packages/d9/8a/5e323603b6ab8731144421877ee8a0f8ac5a5511e67857127caa09f6730e/ty-0.0.74-py3-none-macosx_10_12_x86_64.whl", hash = "sha256:51fb6cf5b98e1e1140825b2430943f78d744876a735231656eafbb4c3f7eca3c", size = 12371748, upload-time = "2026-08-22T15:05:08.609Z" },
    { url = "https://files.pythonhosted.org/packages/d0/44/ee72e08cb705281e8d8c42917dd577aa598a8a098008495fda5176ee3f6e/ty-0.0.74-py3-none-macosx_11_0_arm64.whl", hash = "sha256:8ebe60b1f0a948c793d6c77fc9e9ddda599e4f023c04ab16e8e03bcb428c3fa0", size = 12282403, upload-time = "2026-08-22T15:05:11.448Z" },
    { url = "https://files.pythonhosted.org/packages/da/b3/fd935b694ff68bc278af50f7ad04770b36ce6306399baef7e1847b553a9d/ty-0.0.74-py3-none-manylinux_2_17_aarch64.manylinux2014_aarch64.whl", hash = "sha256:aa97f407a695c890a53615966a663c7d2167e2cabe88db7ca1a24d62635cdfc8", size = 12345164, upload-time = "2026-08-22T15:05:14.19Z" },
    { url = "https://files.pythonhosted.org/packages/54/5c/5b5825268e029ebb164c909780103dbbae367f069801410068bf1cef29b3/ty-0.0.74-py3-none-manylinux_2_17_armv7l.manylinux2014_armv7l.whl", hash = "sha256:673ddb733d4a0db31385ba1ed9ff1f6bd9dc5565413ce57b1ca5ac4c7803da5d", size = 12556646, upload-time = "2026-08-22T15:05:16.994Z" },
    { url = "https://files.pythonhosted.org/packages/56/e7/515914e571d62ce0101744fed3f881936eeb1b30dc37beb72b4f7ca1e289/ty-0.0.74-py3-none-manylinux_2_17_i686.manylinux2014_i686.whl", hash = "sha256:1028e7c6b4f6145e9704552f43a5fffdcd51b42263ffdcd9c9677762bc395a4a", size = 13311653, upload-time = "2026-08-22T15:05:20.254Z" },
    { url = "https://files.pythonhosted.org/packages/b0/07/d1452babb6f9266c2122cabc095180b70ed306fb770b2996753814d2237d/ty-0.0.74-py3-none-manylinux_2_17_ppc64le.manylinux2014_ppc64le.whl", hash = "sha256:79841a8890493021fb308772474983316eb91f7b56cb227a6a05a06b262a36f0", size = 13768284, upload-time = "2026-08-22T15:05:23.197Z" },
    { url = "https://files.pythonhosted.org/packages/b1/60/8d4a2fc7842a47210a1cb0a16a187d9de39ad5d509a00fb74c1c073afcde/ty-0.0.74-py3-none-manylinux_2_17_s390x.manylinux2014_s390x.whl", hash = "sha256:94859d321f3c6a6c8f7bfc3f40e8319cda7e6e012e613440f3dfd145d5010e2e", size = 13422306, upload-time = "2026-08-22T15:05:26.248Z" },
    { url = "https://files.pythonhosted.org/packages/de/76/ebbc269a8c4efcc4d44624993bd188145f20d60ebda9680b15aaec42cc50/ty-0.0.74-py3-none-manylinux_2_17_x86_64.manylinux2014_x86_64.whl", hash = "sha256:970a8b2c09ff3be04c8a1c6767332d861be4fce85efe7bb205e4ade7c8655274", size = 12970637, upload-time = "2026-08-22T15:05:29.15Z" },
    { url = "https://files.pythonhosted.org/packages/9e/dd/b99f7236acbf856780ca1779a48143d2d9f2c24d7f531a0ce15a022b8a87/ty-0.0.74-py3-none-manylinux_2_31_riscv64.whl", hash = "sha256:795f763b3ded85574c2c2846a6fb8acf2aa76e9e83d761143e92b1f0c7ffa2cd", size = 13344891, upload-time = "2026-08-22T15:05:32.033Z" },
    { url = "https://files.pythonhosted.org/packages/0b/d7/9ff7449a4c7e6428f2c6f298e74cf24b70668f29d45c249507a723ff3782/ty-0.0.74-py3-none-musllinux_1_2_aarch64.whl", hash = "sha256:dc086db5367d912c31c0cc872deb7387290e779a4b9b54fcb944673a7cd52c7b", size = 12395272, upload-time = "2026-08-22T15:05:34.702Z" },
    { url = "https://files.pythonhosted.org/packages/b1/dd/b23a5b6b35d37df89dc8dc5daa09efd9245a668b50c4c81c25de21567dc1/ty-0.0.74-py3-none-musllinux_1_2_armv7l.whl", hash = "sha256:0314d7b391cf684e47c2fa093d2ce4c597cfc9b01d9a315fe204aed6359b271b", size = 12573079, upload-time = "2026-08-22T15:05:37.683Z" },
    { url = "https://files.pythonhosted.org/packages/23/c5/ccba16239d6129533c8b3603458d0f4dd2ba69478e47059073968e74261d/ty-0.0.74-py3-none-musllinux_1_2_i686.whl", hash = "sha256:c4a45dd2e991e8bdae82ba78c8cd051b253f60bc71a6536598fa3ef580b4fc9b", size = 12832506, upload-time = "2026-08-22T15:05:40.505Z" },
    { url = "https://files.pythonhosted.org/packages/6d/1c/2390912634dff4f341f97b397f2aee341ff062be0a66cda37d59375454f2/ty-0.0.74-py3-none-musllinux_1_2_x86_64.whl", hash = "sha256:210e2eac6b018fb934e2b8dac3956a0ba076a3fb1fa6f135058c825e5b759b81", size = 13154752, upload-time = "2026-08-22T15:05:43.355Z" },
    { url = "https://files.pythonhosted.org/packages/c4/33/a8c12188227e6f74f91853a7374e01ed81d6ad21c16c8b70e92dbebfe46a/ty-0.0.74-py3-none-win32.whl", hash = "sha256:db0bb6a8f098ef9bd1be861f73b4f7c0320d40d4c05c7ae0a8677d4e7aa4f6e5", size = 12130002, upload-time = "2026-08-22T15:05:46.058Z" },
    { url = "https://files.pythonhosted.org/packages/21/5c/064f28ccb9c234cfce5a2f7aa69a256663d5ae5bb0290b3a9706cc4d1e4c/ty-0.0.74-py3-none-win_amd64.whl", hash = "sha256:bebff181515255b3c78bd2e7693ae66fab6064ad4feea2065c68bc01022aa678", size = 12771435, upload-time = "2026-08-22T15:05:48.811Z" },
    { url = "https://files.pythonhosted.org/packages/fe/06/d6becdaca0315346c26b6df97cb0eafa81de4f870945d6989e88704374ed/ty-0.0.74-py3-none-win_arm64.whl", hash = "sha256:1a3469eaaf8c85b1c0a15bede25d36daea4b09fce1d913e965b24e24b3f1d6c6", size = 12558299, upload-time = "2026-08-22T15:05:51.543Z" },
]

[[package]]
name = "virtualenv"
version = "21.7.4"
source = { registry = "https://pypi.org/simple" }
dependencies = [
    { name = "distlib" },
    { name = "filelock" },
    { name = "platformdirs" },
    { name = "python-discovery" },
]
sdist = { url = "https://files.pythonhosted.org/packages/2d/dc/a6eb1ddfa7f1e390fa599b078453c97edb3f6f846b34fb4eac3e8ea16401/virtualenv-21.7.4.tar.gz", hash = "sha256:c9d960c95fa458171e58222a5ccab7465298e4b6559977865e627c4719f1e825", size = 5345511, upload-time = "2026-08-10T22:54:33.316Z" }
wheels = [
    { url = "https://files.pythonhosted.org/packages/40/4c/eb2f52aeeaf30dbd073d315a251a63ae2b8263171ec4428c135140cb0802/virtualenv-21.7.4-py3-none-any.whl", hash = "sha256:376ec93cd6aab3044fa395d7db226db38043b7b5748948044b2a87168525e843", size = 5324444, upload-time = "2026-08-10T22:54:31.515Z" },
]
