version = 1
revision = 3
requires-python = ">=3.14"

[[package]]
name = "cfgv"
version = "3.5.0"
source = { registry = "https://pypi.org/simple" }
sdist = { url = "https://files.pythonhosted.org/packages/4e/b5/721b8799b04bf9afe054a3899c6cf4e880fcf8563cc71c15610242490a0c/cfgv-3.5.0.tar.gz", hash = "sha256:d5b1034354820651caa73ede66a6294d6e95c1b00acc5e9b098e917404669132", size = 7334, upload-time = "2025-11-19T20:55:51.612Z" }
wheels = [
    { url = "https://files.pythonhosted.org/packages/db/3c/33bac158f8ab7f89b2e59426d5fe2e4f63f7ed25df84c036890172b412b5/cfgv-3.5.0-py2.py3-none-any.whl", hash = "sha256:a8dc6b26ad22ff227d2634a65cb388215ce6cc96bbcc5cfde7641ae87e8dacc0", size = 7445, upload-time = "2025-11-19T20:55:50.744Z" },
]

[[package]]
name = "distlib"
version = "0.4.3"
source = { registry = "https://pypi.org/simple" }
sdist = { url = "https://files.pythonhosted.org/packages/c9/02/bd72be9134d25ed783ecbbc38a539ffaefbf90c78418c7fb7229600dbac7/distlib-0.4.3.tar.gz", hash = "sha256:f152097224a0ae24be5a0f6bae1b9359af82133bce63f98a95f86cae1aede9ed", size = 615141, upload-time = "2026-06-12T08:04:52.847Z" }
wheels = [
    { url = "https://files.pythonhosted.org/packages/02/08/9c41fb51ab5b43eb21674aff13df270e8ba6c4b29c8624e328dc7a9482af/distlib-0.4.3-py2.py3-none-any.whl", hash = "sha256:4b0ce306c966eb73bc3a7b6abad017c556dadd92c44701562cd528ac7fde4d5b", size = 470628, upload-time = "2026-06-12T08:04:50.506Z" },
]

[[package]]
name = "filelock"
version = "3.32.4"
source = { registry = "https://pypi.org/simple" }
sdist = { url = "https://files.pythonhosted.org/packages/6d/30/03b03951873a1a0ffc7e8ca0e10c15597b59e8d0e39260704cd2ea087bc4/filelock-3.32.4.tar.gz", hash = "sha256:2bde2e4cf732e0153406d8a7bc80620ecf5e621fe0d25e41143c4e3b4733ff30", size = 222126, upload-time = "2026-08-23T17:37:55.363Z" }
wheels = [
    { url = "https://files.pythonhosted.org/packages/01/a4/9b63d595d748e3aff8812b65eacc1a2c4bd90b7c2012e08e72373b4835eb/filelock-3.32.4-py3-none-any.whl", hash = "sha256:22e58ca3b1ae3b98993b762d7338367ae64fe50252bf78d59da3bfebcdf1cedd", size = 99864, upload-time = "2026-08-23T17:37:53.913Z" },
]

[[package]]
name = "fonttools"
version = "4.64.0"
source = { registry = "https://pypi.org/simple" }
sdist = { url = "https://files.pythonhosted.org/packages/d4/41/0f072a712dc74496e03710e462a18a4cfd8a258ad055a4e22d28b43a7abd/fonttools-4.64.0.tar.gz", hash = "sha256:ecb2e59a7bc692fee64dda6010deb66222335693b30046f15cccf81233aa715f", size = 3664266, upload-time = "2026-08-31T15:44:33.685Z" }
wheels = [
    { url = "https://files.pythonhosted.org/packages/a0/0a/59b9074b8ab165cc28d3e08bcf7a8eff8e1dc5932a5a41c87b15952fa3af/fonttools-4.64.0-cp314-cp314-macosx_10_15_universal2.whl", hash = "sha256:6f1ce9ef9a1b13098efdc2e43a2ed96d9851bbde7b31c652a87552c4efe9b422", size = 3096790, upload-time = "2026-08-31T15:43:21.125Z" },
    { url = "https://files.pythonhosted.org/packages/17/39/af1077a36feefe79f36d67d75aee637a96673c0a74eeb2c6f24266f5a20b/fonttools-4.64.0-cp314-cp314-macosx_10_15_x86_64.whl", hash = "sha256:83cc48d1411d2ff388dab99973dca81172cc9ceae9c9799da9548d494cfb38cb", size = 2584288, upload-time = "2026-08-31T15:43:23.148Z" },
    { url = "https://files.pythonhosted.org/packages/00/c4/1ea58af0eb78264d28e5871bba0810bf0943cd93d641fdeae92553ad3410/fonttools-4.64.0-cp314-cp314-manylinux2014_aarch64.manylinux_2_17_aarch64.manylinux_2_28_aarch64.whl", hash = "sha256:e412767d1c9765cf1b82f7b00f1686c6ca5809ebb77af363b3f9f2325a465c01", size = 5378061, upload-time = "2026-08-31T15:43:25.193Z" },
    { url = "https://files.pythonhosted.org/packages/93/99/5c7e36d770407b66f7fc8378d2bb47f1530d083d8b9247ff011ec9b4dd70/fonttools-4.64.0-cp314-cp314-manylinux2014_x86_64.manylinux_2_17_x86_64.whl", hash = "sha256:b4a7af455ffed980925bc0ebf5b8d6239e6c3e797d9d755b6db192fb3080d614", size = 5319458, upload-time = "2026-08-31T15:43:27.696Z" },
    { url = "https://files.pythonhosted.org/packages/a8/09/89e8d600e92723309d4ddd3944c4ca565197a5df0236ae4115ccbe797375/fonttools-4.64.0-cp314-cp314-musllinux_1_2_aarch64.whl", hash = "sha256:398b14f89ca950b288bd290875f07e4e10685644fa4ac668546fb107b1ada4d4", size = 5316656, upload-time = "2026-08-31T15:43:29.842Z" },
    { url = "https://files.pythonhosted.org/packages/0e/b3/56719ab37e1592ceac89724574146622bedec036a207be80f3c7b1c14cbe/fonttools-4.64.0-cp314-cp314-musllinux_1_2_x86_64.whl", hash = "sha256:dc96150f99e05a317cb1f042b92c4cf8bc93cdb1f9f85717322e202ecdf2e505", size = 5448380, upload-time = "2026-08-31T15:43:32.311Z" },
    { url = "https://files.pythonhosted.org/packages/3b/b0/15951b7e3006073f3260da4f8983732d18903905cfe26daa5138a0bbf682/fonttools-4.64.0-cp314-cp314-win32.whl", hash = "sha256:1c3661324f3f0fa4539a32288a3e0711a5f3ccf020036e760bb558ae9811a16f", size = 2432778, upload-time = "2026-08-31T15:43:34.421Z" },
    { url = "https://files.pythonhosted.org/packages/8e/f3/0c97402b29411f4f6d31b32f2af5b4bcd5babe5a93c64558a8fd3654f140/fonttools-4.64.0-cp314-cp314-win_amd64.whl", hash = "sha256:043f6c572bf236f2a76e762c25f841daea11e8fc03e78088d7be66e0c5b4e4c0", size = 2485394, upload-time = "2026-08-31T15:43:36.506Z" },
    { url = "https://files.pythonhosted.org/packages/00/da/82192c7bee5314f04129a068dddae11082a63295d4e3b5ce08657de96608/fonttools-4.64.0-cp314-cp314t-macosx_10_15_universal2.whl", hash = "sha256:4691a122b8c1d0d82d6e7510ce59d5c42146518240274b53e912e255573924f7", size = 3170118, upload-time = "2026-08-31T15:43:38.579Z" },
    { url = "https://files.pythonhosted.org/packages/42/2d/0b4f608d754f625fecc7d94b3b26af6f65f6ab4527b386bb0c6141cdd9ea/fonttools-4.64.0-cp314-cp314t-macosx_10_15_x86_64.whl", hash = "sha256:3200180abc69639483cf54a17cca2e13c31ede5f665979ea0a9c829d093f372f", size = 2617333, upload-time = "2026-08-31T15:43:40.934Z" },
    { url = "https://files.pythonhosted.org/packages/5e/df/9f7448c38dea05458acfee81c443b14ef97d6d66c636af053d41cf8a32dd/fonttools-4.64.0-cp314-cp314t-manylinux2014_aarch64.manylinux_2_17_aarch64.manylinux_2_28_aarch64.whl", hash = "sha256:53eee22af5b5a305c1ee2652955ed46b148e881456fcec1e7f0eb27f642f6bb4", size = 5542345, upload-time = "2026-08-31T15:43:43.114Z" },
    { url = "https://files.pythonhosted.org/packages/b1/e8/cbf4a81e8be322bc4bee4ba31cd33a7b6336ef8030fa13b53b3e9c09fbf9/fonttools-4.64.0-cp314-cp314t-manylinux2014_x86_64.manylinux_2_17_x86_64.whl", hash = "sha256:08f172961e11f4eb4f80f2f20049e09b0ea8e044fa6d456fed8346eb8588f360", size = 5349981, upload-time = "2026-08-31T15:43:45.363Z" },
    { url = "https://files.pythonhosted.org/packages/d8/dc/106fd9e93e962dbb60482d30c0913af3d108f5762429dfe93265a850bdc5/fonttools-4.64.0-cp314-cp314t-musllinux_1_2_aarch64.whl", hash = "sha256:6eae4376adb104c2acfa76fd9ea0cb12b572ca1d70eceac709871f638ff76e93", size = 5409249, upload-time = "2026-08-31T15:43:47.817Z" },
    { url = "https://files.pythonhosted.org/packages/b0/2d/c7be990abf74c9c5c5367ae3dc65953ffce49fe00f62abd129cf725a2397/fonttools-4.64.0-cp314-cp314t-musllinux_1_2_x86_64.whl", hash = "sha256:2730946ca8f12c356bd98eb9b2b095c8e761ed05bed5afb0d5b380cebe4f6370", size = 5443781, upload-time = "2026-08-31T15:43:49.909Z" },
    { url = "https://files.pythonhosted.org/packages/9b/cc/bffec3dccb9e3f4f6097a2baedaef5a8dec2cb816522ee163e4bb7f54b44/fonttools-4.64.0-cp314-cp314t-win32.whl", hash = "sha256:d30c966bea2deffa19c738c81776f7182da5ccabd97e666bae4f3d6ba87341d9", size = 2466542, upload-time = "2026-08-31T15:43:52.088Z" },
    { url = "https://files.pythonhosted.org/packages/96/49/e31f97dfc94e0648999f04bfccb37a97062d978f87df60654f496942c89f/fonttools-4.64.0-cp314-cp314t-win_amd64.whl", hash = "sha256:917fd520bb60809d83c14d43cfe48d5ad2516abaf2c073d65a431800dade2d29", size = 2516703, upload-time = "2026-08-31T15:43:53.954Z" },
    { url = "https://files.pythonhosted.org/packages/fe/ec/e39b9e56db7dcc859983caa24cf2a36209dd71f6cc8ddbbf00d7342d7988/fonttools-4.64.0-cp315-cp315-macosx_10_15_universal2.whl", hash = "sha256:8dd18fdff0ac9759b8d67a714730abee07b2312e3656c20ba5affb0107094762", size = 3091150, upload-time = "2026-08-31T15:43:56.309Z" },
    { url = "https://files.pythonhosted.org/packages/a8/e1/3e6a409d6f99efb66c2f6d0a71986432ff9cc9aca0df9ff4a8bed1d850f6/fonttools-4.64.0-cp315-cp315-macosx_10_15_x86_64.whl", hash = "sha256:5af87d1a6d247d7467ee082ae977a5443b2c45f8cd4d59375b6daa38d523c2de", size = 2582833, upload-time = "2026-08-31T15:43:58.348Z" },
    { url = "https://files.pythonhosted.org/packages/91/7e/e8aec0e6eaf93267450535c1be9c9ae63e1d9c49659c2ffdb52c19982114/fonttools-4.64.0-cp315-cp315-manylinux2014_aarch64.manylinux_2_17_aarch64.manylinux_2_28_aarch64.whl", hash = "sha256:769fb64412ca237547ca73f111a64252d9e32c9d938bed51ed537bc9146a8f54", size = 5375327, upload-time = "2026-08-31T15:44:00.417Z" },
    { url = "https://files.pythonhosted.org/packages/61/d1/fa9ce5c1c3c0ef858a2cbe5632e9b6b137deca010b28d5d9a677e4aa89a7/fonttools-4.64.0-cp315-cp315-manylinux2014_x86_64.manylinux_2_17_x86_64.whl", hash = "sha256:e662f874ab2c7da9861584db44a13573e0936df087215f63013138f6e5eba083", size = 5338647, upload-time = "2026-08-31T15:44:02.62Z" },
    { url = "https://files.pythonhosted.org/packages/0d/13/e4d4fa3c166f7f5a8f9b6403ad9dcb3887cd05f8b9d2638bd2b43d2889ef/fonttools-4.64.0-cp315-cp315-musllinux_1_2_aarch64.whl", hash = "sha256:2524a26f8fdb9051b0d778d052f5d238285ca9f91a7dc004514c7d6cf38d35f4", size = 5313557, upload-time = "2026-08-31T15:44:05.037Z" },
    { url = "https://files.pythonhosted.org/packages/91/c8/5a352d69608ea7606f677080ede971090fc7340b9f143c0b4fa00cfbf63e/fonttools-4.64.0-cp315-cp315-musllinux_1_2_x86_64.whl", hash = "sha256:1e4e84b47839d35be24dbf476845a34f2ccf99707b66df125c1c414d3e86d25d", size = 5462363, upload-time = "2026-08-31T15:44:07.13Z" },
    { url = "https://files.pythonhosted.org/packages/4b/f1/b15b845f66b559a24a9c40859391bbd3048af3ac0fd04e45b57dca11c4c7/fonttools-4.64.0-cp315-cp315-win32.whl", hash = "sha256:be084d19a3ac0c8b2aba696680642d703118d3b1f18cf83f5b7dbaf0ffc62ab6", size = 2431682, upload-time = "2026-08-31T15:44:09.293Z" },
    { url = "https://files.pythonhosted.org/packages/c6/b2/909beff0d2e2e1adac896e36cff7f9d76fd154bcd57e303d8f09aee8f72b/fonttools-4.64.0-cp315-cp315-win_amd64.whl", hash = "sha256:de8acaa5f4160f537a3cf41b031171d51004b9f4aebfa6c194f18dffa9533d03", size = 2484393, upload-time = "2026-08-31T15:44:11.117Z" },
    { url = "https://files.pythonhosted.org/packages/40/47/06a51becf651cc071daa88e18ecb9f45ace9e3a570d8191ed8b3cae353fa/fonttools-4.64.0-cp315-cp315t-macosx_10_15_universal2.whl", hash = "sha256:5b90ad6637237b636d15c9ae8b7c4a7a1c194f33def378677e468c13fd4542f8", size = 3162235, upload-time = "2026-08-31T15:44:13.182Z" },
    { url = "https://files.pythonhosted.org/packages/dd/96/8b3faf58fd7ec3bb11943126658ad15b3f385068b23248deffccf2327ac1/fonttools-4.64.0-cp315-cp315t-macosx_10_15_x86_64.whl", hash = "sha256:fa75c7970bc6bca340cc6e20f20f069201bfcb50094c31a536fd99724d1d01ca", size = 2613507, upload-time = "2026-08-31T15:44:15.123Z" },
    { url = "https://files.pythonhosted.org/packages/bb/3a/223d1437e72d79f1549be7bafb3cc08f397e1d9c354a241a8ec8573b7d33/fonttools-4.64.0-cp315-cp315t-manylinux2014_aarch64.manylinux_2_17_aarch64.manylinux_2_28_aarch64.whl", hash = "sha256:236e59bc7e2a63557a4d7b013f9cb9e28d9aebc45bc09f85e545e6bf091db626", size = 5518005, upload-time = "2026-08-31T15:44:17.359Z" },
    { url = "https://files.pythonhosted.org/packages/9d/9f/6f1a4b40ae533b9e907b7e627e397be632d0d9fd6f6be7756cf458870279/fonttools-4.64.0-cp315-cp315t-manylinux2014_x86_64.manylinux_2_17_x86_64.whl", hash = "sha256:a515f664cad988f2295056833a59f62220bc3e46afdaffe389a29060f6712355", size = 5341654, upload-time = "2026-08-31T15:44:19.869Z" },
    { url = "https://files.pythonhosted.org/packages/52/f6/9ca30ba98730a22b527bcc1e02034f0b13b3be2ede764bb0fe8b8e0408d6/fonttools-4.64.0-cp315-cp315t-musllinux_1_2_aarch64.whl", hash = "sha256:5bfdaada437e7730c17d366bd7bb8c4a16639963ddbfc1b2f302a68a17a290e7", size = 5385994, upload-time = "2026-08-31T15:44:21.979Z" },
    { url = "https://files.pythonhosted.org/packages/09/27/baf1b61bff983bfec72cbb7b32162c4b68d76dc824aaaa48a1c26fa10b6b/fonttools-4.64.0-cp315-cp315t-musllinux_1_2_x86_64.whl", hash = "sha256:c60be0aed97a32c6ba8cee21f0d0477136e495451bd97910f589ac892db120d4", size = 5432407, upload-time = "2026-08-31T15:44:24.469Z" },
    { url = "https://files.pythonhosted.org/packages/21/ff/2eab37d43f2e2ccc0993959d8f2605d9a68470082c592684ac98611ee70a/fonttools-4.64.0-cp315-cp315t-win32.whl", hash = "sha256:f8669ce37851b597d3435b91fefa51139e58d506ca449ca0e5bb68c63b8b6d2b", size = 2463614, upload-time = "2026-08-31T15:44:27.198Z" },
    { url = "https://files.pythonhosted.org/packages/dc/8d/8bdff3ea656592197c8ef5062774221885468ffa01d8b0dc782dae23a83a/fonttools-4.64.0-cp315-cp315t-win_amd64.whl", hash = "sha256:89356c0793b474af7e49ec90d39fb2363e2341516a90460e38231df5ebe8acd5", size = 2512422, upload-time = "2026-08-31T15:44:29.478Z" },
    { url = "https://files.pythonhosted.org/packages/82/f8/7188153c4b265c899cd035de6a062677d51f67118a4ba640902bd9683e90/fonttools-4.64.0-py3-none-any.whl", hash = "sha256:4a05783ff54ce4c7a28f18e5772efdf63c219374bd9ffc55452182e1cef8be60", size = 1195327, upload-time = "2026-08-31T15:44:31.741Z" },
]

[[package]]
name = "identify"
version = "2.6.19"
source = { registry = "https://pypi.org/simple" }
sdist = { url = "https://files.pythonhosted.org/packages/52/63/51723b5f116cc04b061cb6f5a561790abf249d25931d515cd375e063e0f4/identify-2.6.19.tar.gz", hash = "sha256:6be5020c38fcb07da56c53733538a3081ea5aa70d36a156f83044bfbf9173842", size = 99567, upload-time = "2026-04-17T18:39:50.265Z" }
wheels = [
    { url = "https://files.pythonhosted.org/packages/94/84/d9273cd09688070a6523c4aee4663a8538721b2b755c4962aafae0011e72/identify-2.6.19-py2.py3-none-any.whl", hash = "sha256:20e6a87f786f768c092a721ad107fc9df0eb89347be9396cadf3f4abbd1fb78a", size = 99397, upload-time = "2026-04-17T18:39:49.221Z" },
]

[[package]]
name = "nodeenv"
version = "1.10.0"
source = { registry = "https://pypi.org/simple" }
sdist = { url = "https://files.pythonhosted.org/packages/24/bf/d1bda4f6168e0b2e9e5958945e01910052158313224ada5ce1fb2e1113b8/nodeenv-1.10.0.tar.gz", hash = "sha256:996c191ad80897d076bdfba80a41994c2b47c68e224c542b48feba42ba00f8bb", size = 55611, upload-time = "2025-12-20T14:08:54.006Z" }
wheels = [
    { url = "https://files.pythonhosted.org/packages/88/b2/d0896bdcdc8d28a7fc5717c305f1a861c26e18c05047949fb371034d98bd/nodeenv-1.10.0-py2.py3-none-any.whl", hash = "sha256:5bb13e3eed2923615535339b3c620e76779af4cb4c6a90deccc9e36b274d3827", size = 23438, upload-time = "2025-12-20T14:08:52.782Z" },
]

[[package]]
name = "platformdirs"
version = "4.11.5"
source = { registry = "https://pypi.org/simple" }
sdist = { url = "https://files.pythonhosted.org/packages/ea/06/cf1564dcc2e2261c8c8c6c05628dc8b418943bdae2a4e58640ceb2f770fa/platformdirs-4.11.5.tar.gz", hash = "sha256:e8b31f4f8bcbbedef91a6b57a706255e4f148d2a4e01648382a0a47342539173", size = 34823, upload-time = "2026-08-27T21:36:37.46Z" }
wheels = [
    { url = "https://files.pythonhosted.org/packages/c7/12/6f3fcd5067a9cbf4f8664b32957973498da8b083455203c8d9cab83a725c/platformdirs-4.11.5-py3-none-any.whl", hash = "sha256:89f8d42695853b89c7170bd49bc3dc593f98a71e695ede88e06a3b247bc4563b", size = 23900, upload-time = "2026-08-27T21:36:36.227Z" },
]

[[package]]
name = "pre-commit"
version = "4.6.2"
source = { registry = "https://pypi.org/simple" }
dependencies = [
    { name = "cfgv" },
    { name = "identify" },
    { name = "nodeenv" },
    { name = "pyyaml" },
    { name = "virtualenv" },
]
sdist = { url = "https://files.pythonhosted.org/packages/74/89/1f3e8e1fc3e97de0fa963495832f581f025f29471602a309e48808244292/pre_commit-4.6.2.tar.gz", hash = "sha256:8f5d7bfb021ecdbcd9d49d89847082dd24172ccde534390081a679ad046e2441", size = 198670, upload-time = "2026-08-10T22:07:18.421Z" }
wheels = [
    { url = "https://files.pythonhosted.org/packages/45/e2/bbb7129c9e7999a6b8ee9cca3b66486c25c423ab5a75f34071798b74ce94/pre_commit-4.6.2-py2.py3-none-any.whl", hash = "sha256:e2dde9a75d3bce11bd3831c26d134df00a2803c1d818be6a0383c3dcda25dc4e", size = 226202, upload-time = "2026-08-10T22:07:16.942Z" },
]

[[package]]
name = "python-discovery"
version = "1.6.0"
source = { registry = "https://pypi.org/simple" }
dependencies = [
    { name = "filelock" },
]
sdist = { url = "https://files.pythonhosted.org/packages/91/96/0f93e27c9f60a650838f2118159aa115fd5732c0716247917b7ba7ede665/python_discovery-1.6.0.tar.gz", hash = "sha256:6393b4eae1be8b2182670635e7baff89ac21cb9f8e86fd1ff40c7b1144febb4c", size = 82849, upload-time = "2026-08-28T17:30:02.366Z" }
wheels = [
    { url = "https://files.pythonhosted.org/packages/43/5e/21abf578182fb15006a57faf3711a1e659e29d600d19b6e557eae908c81d/python_discovery-1.6.0-py3-none-any.whl", hash = "sha256:d4e244cf17b8b29819ed78003d55fbacf86eda23425b075454fff9271b79377a", size = 38451, upload-time = "2026-08-28T17:30:01.236Z" },
]

[[package]]
name = "pyyaml"
version = "6.0.3"
source = { registry = "https://pypi.org/simple" }
sdist = { url = "https://files.pythonhosted.org/packages/05/8e/961c0007c59b8dd7729d542c61a4d537767a59645b82a0b521206e1e25c2/pyyaml-6.0.3.tar.gz", hash = "sha256:d76623373421df22fb4cf8817020cbb7ef15c725b9d5e45f17e189bfc384190f", size = 130960, upload-time = "2025-09-25T21:33:16.546Z" }
wheels = [
    { url = "https://files.pythonhosted.org/packages/9d/8c/f4bd7f6465179953d3ac9bc44ac1a8a3e6122cf8ada906b4f96c60172d43/pyyaml-6.0.3-cp314-cp314-macosx_10_13_x86_64.whl", hash = "sha256:8d1fab6bb153a416f9aeb4b8763bc0f22a5586065f86f7664fc23339fc1c1fac", size = 181814, upload-time = "2025-09-25T21:32:35.712Z" },
    { url = "https://files.pythonhosted.org/packages/bd/9c/4d95bb87eb2063d20db7b60faa3840c1b18025517ae857371c4dd55a6b3a/pyyaml-6.0.3-cp314-cp314-macosx_11_0_arm64.whl", hash = "sha256:34d5fcd24b8445fadc33f9cf348c1047101756fd760b4dacb5c3e99755703310", size = 173809, upload-time = "2025-09-25T21:32:36.789Z" },
    { url = "https://files.pythonhosted.org/packages/92/b5/47e807c2623074914e29dabd16cbbdd4bf5e9b2db9f8090fa64411fc5382/pyyaml-6.0.3-cp314-cp314-manylinux2014_aarch64.manylinux_2_17_aarch64.manylinux_2_28_aarch64.whl", hash = "sha256:501a031947e3a9025ed4405a168e6ef5ae3126c59f90ce0cd6f2bfc477be31b7", size = 766454, upload-time = "2025-09-25T21:32:37.966Z" },
    { url = "https://files.pythonhosted.org/packages/02/9e/e5e9b168be58564121efb3de6859c452fccde0ab093d8438905899a3a483/pyyaml-6.0.3-cp314-cp314-manylinux2014_s390x.manylinux_2_17_s390x.manylinux_2_28_s390x.whl", hash = "sha256:b3bc83488de33889877a0f2543ade9f70c67d66d9ebb4ac959502e12de895788", size = 836355, upload-time = "2025-09-25T21:32:39.178Z" },
    { url = "https://files.pythonhosted.org/packages/88/f9/16491d7ed2a919954993e48aa941b200f38040928474c9e85ea9e64222c3/pyyaml-6.0.3-cp314-cp314-manylinux2014_x86_64.manylinux_2_17_x86_64.manylinux_2_28_x86_64.whl", hash = "sha256:c458b6d084f9b935061bc36216e8a69a7e293a2f1e68bf956dcd9e6cbcd143f5", size = 794175, upload-time = "2025-09-25T21:32:40.865Z" },
    { url = "https://files.pythonhosted.org/packages/dd/3f/5989debef34dc6397317802b527dbbafb2b4760878a53d4166579111411e/pyyaml-6.0.3-cp314-cp314-musllinux_1_2_aarch64.whl", hash = "sha256:7c6610def4f163542a622a73fb39f534f8c101d690126992300bf3207eab9764", size = 755228, upload-time = "2025-09-25T21:32:42.084Z" },
    { url = "https://files.pythonhosted.org/packages/d7/ce/af88a49043cd2e265be63d083fc75b27b6ed062f5f9fd6cdc223ad62f03e/pyyaml-6.0.3-cp314-cp314-musllinux_1_2_x86_64.whl", hash = "sha256:5190d403f121660ce8d1d2c1bb2ef1bd05b5f68533fc5c2ea899bd15f4399b35", size = 789194, upload-time = "2025-09-25T21:32:43.362Z" },
    { url = "https://files.pythonhosted.org/packages/23/20/bb6982b26a40bb43951265ba29d4c246ef0ff59c9fdcdf0ed04e0687de4d/pyyaml-6.0.3-cp314-cp314-win_amd64.whl", hash = "sha256:4a2e8cebe2ff6ab7d1050ecd59c25d4c8bd7e6f400f5f82b96557ac0abafd0ac", size = 156429, upload-time = "2025-09-25T21:32:57.844Z" },
    { url = "https://files.pythonhosted.org/packages/f4/f4/a4541072bb9422c8a883ab55255f918fa378ecf083f5b85e87fc2b4eda1b/pyyaml-6.0.3-cp314-cp314-win_arm64.whl", hash = "sha256:93dda82c9c22deb0a405ea4dc5f2d0cda384168e466364dec6255b293923b2f3", size = 143912, upload-time = "2025-09-25T21:32:59.247Z" },
    { url = "https://files.pythonhosted.org/packages/7c/f9/07dd09ae774e4616edf6cda684ee78f97777bdd15847253637a6f052a62f/pyyaml-6.0.3-cp314-cp314t-macosx_10_13_x86_64.whl", hash = "sha256:02893d100e99e03eda1c8fd5c441d8c60103fd175728e23e431db1b589cf5ab3", size = 189108, upload-time = "2025-09-25T21:32:44.377Z" },
    { url = "https://files.pythonhosted.org/packages/4e/78/8d08c9fb7ce09ad8c38ad533c1191cf27f7ae1effe5bb9400a46d9437fcf/pyyaml-6.0.3-cp314-cp314t-macosx_11_0_arm64.whl", hash = "sha256:c1ff362665ae507275af2853520967820d9124984e0f7466736aea23d8611fba", size = 183641, upload-time = "2025-09-25T21:32:45.407Z" },
    { url = "https://files.pythonhosted.org/packages/7b/5b/3babb19104a46945cf816d047db2788bcaf8c94527a805610b0289a01c6b/pyyaml-6.0.3-cp314-cp314t-manylinux2014_aarch64.manylinux_2_17_aarch64.manylinux_2_28_aarch64.whl", hash = "sha256:6adc77889b628398debc7b65c073bcb99c4a0237b248cacaf3fe8a557563ef6c", size = 831901, upload-time = "2025-09-25T21:32:48.83Z" },
    { url = "https://files.pythonhosted.org/packages/8b/cc/dff0684d8dc44da4d22a13f35f073d558c268780ce3c6ba1b87055bb0b87/pyyaml-6.0.3-cp314-cp314t-manylinux2014_s390x.manylinux_2_17_s390x.manylinux_2_28_s390x.whl", hash = "sha256:a80cb027f6b349846a3bf6d73b5e95e782175e52f22108cfa17876aaeff93702", size = 861132, upload-time = "2025-09-25T21:32:50.149Z" },
    { url = "https://files.pythonhosted.org/packages/b1/5e/f77dc6b9036943e285ba76b49e118d9ea929885becb0a29ba8a7c75e29fe/pyyaml-6.0.3-cp314-cp314t-manylinux2014_x86_64.manylinux_2_17_x86_64.manylinux_2_28_x86_64.whl", hash = "sha256:00c4bdeba853cc34e7dd471f16b4114f4162dc03e6b7afcc2128711f0eca823c", size = 839261, upload-time = "2025-09-25T21:32:51.808Z" },
    { url = "https://files.pythonhosted.org/packages/ce/88/a9db1376aa2a228197c58b37302f284b5617f56a5d959fd1763fb1675ce6/pyyaml-6.0.3-cp314-cp314t-musllinux_1_2_aarch64.whl", hash = "sha256:66e1674c3ef6f541c35191caae2d429b967b99e02040f5ba928632d9a7f0f065", size = 805272, upload-time = "2025-09-25T21:32:52.941Z" },
    { url = "https://files.pythonhosted.org/packages/da/92/1446574745d74df0c92e6aa4a7b0b3130706a4142b2d1a5869f2eaa423c6/pyyaml-6.0.3-cp314-cp314t-musllinux_1_2_x86_64.whl", hash = "sha256:16249ee61e95f858e83976573de0f5b2893b3677ba71c9dd36b9cf8be9ac6d65", size = 829923, upload-time = "2025-09-25T21:32:54.537Z" },
    { url = "https://files.pythonhosted.org/packages/f0/7a/1c7270340330e575b92f397352af856a8c06f230aa3e76f86b39d01b416a/pyyaml-6.0.3-cp314-cp314t-win_amd64.whl", hash = "sha256:4ad1906908f2f5ae4e5a8ddfce73c320c2a1429ec52eafd27138b7f1cbe341c9", size = 174062, upload-time = "2025-09-25T21:32:55.767Z" },
    { url = "https://files.pythonhosted.org/packages/f1/12/de94a39c2ef588c7e6455cfbe7343d3b2dc9d6b6b2f40c4c6565744c873d/pyyaml-6.0.3-cp314-cp314t-win_arm64.whl", hash = "sha256:ebc55a14a21cb14062aa4162f906cd962b28e2e9ea38f9b4391244cd8de4ae0b", size = 149341, upload-time = "2025-09-25T21:32:56.828Z" },
]

[[package]]
name = "r47-internal-python-tools"
version = "0.0.0"
source = { virtual = "." }

[package.dev-dependencies]
dev = [
    { name = "fonttools" },
    { name = "pre-commit" },
    { name = "ruff" },
    { name = "ty" },
]

[package.metadata]

[package.metadata.requires-dev]
dev = [
    { name = "fonttools", specifier = ">=4.64.0" },
    { name = "pre-commit", specifier = ">=4.6.2" },
    { name = "ruff", specifier = ">=0.16.7" },
    { name = "ty", specifier = ">=0.0.80" },
]

[[package]]
name = "ruff"
version = "0.16.7"
source = { registry = "https://pypi.org/simple" }
sdist = { url = "https://files.pythonhosted.org/packages/82/bb/5a449b9162e49b139d72f61672bd3ac1d790221f796d3304e2241fff4c58/ruff-0.16.7.tar.gz", hash = "sha256:5f71d004ac1263b22fa39462ac5ae618a4b77d58981af2cc79bf79a29c12b1a6", size = 4924184, upload-time = "2026-09-10T18:04:06.336Z" }
wheels = [
    { url = "https://files.pythonhosted.org/packages/e3/b2/c80aeeb7f9e469c0d63a85d2f1ab6e1ebfbe10ea7a8d2438b7e09e3ff09e/ruff-0.16.7-py3-none-linux_armv6l.whl", hash = "sha256:727307773e7c7f9181d3ed3a2484186e56c1fa1874255911c74585eb2c7c19f9", size = 10048917, upload-time = "2026-09-10T18:03:30.28Z" },
    { url = "https://files.pythonhosted.org/packages/7b/96/20bb7bcae008004df52afcb7ac83432d4a467f2c17b672fe46d26be231c5/ruff-0.16.7-py3-none-macosx_10_12_x86_64.whl", hash = "sha256:9d61c258deabf58f34c67bd4bb4d939c7f2e6b5f0e59c1cdd1cf771b11cde929", size = 10242929, upload-time = "2026-09-10T18:03:32.706Z" },
    { url = "https://files.pythonhosted.org/packages/90/b2/f184b0d5abec02db69cfd7e49b688ae0237554528ca777136c613bf36bee/ruff-0.16.7-py3-none-macosx_11_0_arm64.whl", hash = "sha256:7ab81118df8945e0193d0240712aa4496573595b75185c3636ed825592a0f728", size = 9847245, upload-time = "2026-09-10T18:03:34.509Z" },
    { url = "https://files.pythonhosted.org/packages/eb/2d/db1633a641866ed801e34cc6b60ef236c5e16f9b2124ab1d49cc24a5fe4f/ruff-0.16.7-py3-none-manylinux_2_17_aarch64.manylinux2014_aarch64.whl", hash = "sha256:4c196c968874fc8019da8e7163de7a1a370f111e2309b4b7dfea0fce950198d0", size = 9961780, upload-time = "2026-09-10T18:03:36.618Z" },
    { url = "https://files.pythonhosted.org/packages/4d/98/edea21e1a3e38dbbc3bf6bb068b863b3b06184cf8533a4c7dbbe208a89d5/ruff-0.16.7-py3-none-manylinux_2_17_armv7l.manylinux2014_armv7l.whl", hash = "sha256:ac8c3bd0a7e10ad31e6ce51e7a99f3cb772e69aecdd6b9ea7e99b362f62a62c0", size = 9866337, upload-time = "2026-09-10T18:03:38.805Z" },
    { url = "https://files.pythonhosted.org/packages/0b/11/a15e60d4c87b214646f116ca9d204475bf993ee1047459bc9a360fd4d6d1/ruff-0.16.7-py3-none-manylinux_2_17_i686.manylinux2014_i686.whl", hash = "sha256:398d3988edde000b5c75dc1b3f584708da9bc990de069c18909142580fec1af9", size = 10562512, upload-time = "2026-09-10T18:03:40.71Z" },
    { url = "https://files.pythonhosted.org/packages/29/42/eaff4c9b6d0c7cdf56df313a17e89ae854f5bbc0b0c8f9cce19be0ab7a8f/ruff-0.16.7-py3-none-manylinux_2_17_ppc64le.manylinux2014_ppc64le.whl", hash = "sha256:ce05b62b770a8217c4646a9c4139fca00efe8fe5d71f87df2b243ff20d4584d1", size = 11302938, upload-time = "2026-09-10T18:03:42.607Z" },
    { url = "https://files.pythonhosted.org/packages/5d/43/c75aa59a4ec181fe2ec06cab30e198c1c6d107229a9f008ae3a7c16cabd8/ruff-0.16.7-py3-none-manylinux_2_17_s390x.manylinux2014_s390x.whl", hash = "sha256:af1b576fddb9d9ef2ececfb5fadcd6a624b25070ed85e3cfcfe449fc3ff6a7b9", size = 10840857, upload-time = "2026-09-10T18:03:44.604Z" },
    { url = "https://files.pythonhosted.org/packages/21/33/81f3da371942ea031105ba679d8d6e28ec1660ccd690a45f42d381161356/ruff-0.16.7-py3-none-manylinux_2_17_x86_64.manylinux2014_x86_64.whl", hash = "sha256:9ce7f8f22df67c93ed96c717f9128eadb797144ac2bad475cf536f31d6100c55", size = 10370001, upload-time = "2026-09-10T18:03:46.706Z" },
    { url = "https://files.pythonhosted.org/packages/fa/0b/6345fb4dbf6dd0ed1cfe5d18391dc9c3f59cc81622a7b0a65b84b3e730ba/ruff-0.16.7-py3-none-manylinux_2_31_riscv64.whl", hash = "sha256:06d0e93d04f392996435ebd600c153f65b47d73fbec2415aa99c5ee5756b3a5f", size = 10548735, upload-time = "2026-09-10T18:03:48.658Z" },
    { url = "https://files.pythonhosted.org/packages/3f/4d/c5576adf511f92a328e5569dda190ecdd430da51f1a649f3a4a2fd73e21e/ruff-0.16.7-py3-none-musllinux_1_2_aarch64.whl", hash = "sha256:142151a5e7b93c1b11111337142f89dd2fbfee92161225c99a97222f22e32656", size = 10108496, upload-time = "2026-09-10T18:03:50.563Z" },
    { url = "https://files.pythonhosted.org/packages/ff/8c/667d83c16199a17a56adc6b0bd4c3beb5b767a2babcd16a56f76f9be7fd6/ruff-0.16.7-py3-none-musllinux_1_2_armv7l.whl", hash = "sha256:e6651f97a342d8b35d54d8991544ca22169b86dc54111cb604666940c431b750", size = 9860136, upload-time = "2026-09-10T18:03:52.621Z" },
    { url = "https://files.pythonhosted.org/packages/99/75/78d401106731999a1dd20cc5a6961e37e1eb9397a3b589f73f3a5ce146a3/ruff-0.16.7-py3-none-musllinux_1_2_i686.whl", hash = "sha256:ef140c6eb935fa9a84c9c607dfb2cb1b85843c192e79265b0c54f35f557ea8e5", size = 10286290, upload-time = "2026-09-10T18:03:55.207Z" },
    { url = "https://files.pythonhosted.org/packages/68/49/56f9c3a8b755df93a0ad318b2147bf4ef5dae9a7e5ec61c460109c67957f/ruff-0.16.7-py3-none-musllinux_1_2_x86_64.whl", hash = "sha256:53e39506a730fadeee0d998ed5946f30671f0db240c6c7c73bdabbe33604bb6f", size = 10745048, upload-time = "2026-09-10T18:03:57.299Z" },
    { url = "https://files.pythonhosted.org/packages/5f/ea/7f9b938a63ece4bec677ad7f9f7fa02df3383db1949ed93a382441c09a87/ruff-0.16.7-py3-none-win32.whl", hash = "sha256:2ea3470fcebcbc5df2fb0c6f3b90333fa9084c534e0111c038fa4a6ab9f1c4b7", size = 10059082, upload-time = "2026-09-10T18:03:59.632Z" },
    { url = "https://files.pythonhosted.org/packages/39/11/480a6973a927aa653e1cead6a6416008640e03a99d05b34c0434b8c6c366/ruff-0.16.7-py3-none-win_amd64.whl", hash = "sha256:7ac26aca826e9e21d0f1cb25b54ac660760a9fdd094d3e4df9848232be98cfc6", size = 10593368, upload-time = "2026-09-10T18:04:01.999Z" },
    { url = "https://files.pythonhosted.org/packages/8b/4b/51327018d056f0dad2c2238f26d1fb0f53707a9d91b75dea6d1b3039f136/ruff-0.16.7-py3-none-win_arm64.whl", hash = "sha256:aab7f39e2c9df6c596216070f98eef1207b94f8516cca20c808826974971855b", size = 10412401, upload-time = "2026-09-10T18:04:04.098Z" },
]

[[package]]
name = "ty"
version = "0.0.80"
source = { registry = "https://pypi.org/simple" }
sdist = { url = "https://files.pythonhosted.org/packages/54/b0/6d1b10e0d422736a3c439e487c950ae785f401d71ff879d5be68bccb6d90/ty-0.0.80.tar.gz", hash = "sha256:fe86bc91327e45ff5e3593b7e306e7f57a44bc0608f38d647b8d97bd99c96013", size = 7183998, upload-time = "2026-09-09T21:18:47.547Z" }
wheels = [
    { url = "https://files.pythonhosted.org/packages/29/c8/3c93195eca282936ebb574d0ba98843e4b147ee324006f88464777012a92/ty-0.0.80-py3-none-linux_armv6l.whl", hash = "sha256:738d1cfca466c577aea24547c348629c00c63548cf7da2c46b497b3840f85dee", size = 13606509, upload-time = "2026-09-09T21:18:10.476Z" },
    { url = "https://files.pythonhosted.org/packages/e7/48/bbb47f7001c97262a5109bcd92a45bcc8a2fbb21e994c214a9897630bfb7/ty-0.0.80-py3-none-macosx_10_12_x86_64.whl", hash = "sha256:56060164bb8ee43770fa367524fbdba2611fc90f8923a02cc91f80eb37d5a1b0", size = 13203812, upload-time = "2026-09-09T21:18:12.796Z" },
    { url = "https://files.pythonhosted.org/packages/db/8d/fd141160567047b742e466be8ed09a4c4ed80fa045d37f946eb4f4532fee/ty-0.0.80-py3-none-macosx_11_0_arm64.whl", hash = "sha256:da4062e0fbf3923d9b71688157c5753394f243348f00732e9edbb27498397169", size = 13021896, upload-time = "2026-09-09T21:18:15.186Z" },
    { url = "https://files.pythonhosted.org/packages/1e/10/b4177faf9e71bc37bc4d08f512042269660a1ce0ec457c48f96e51fc91d7/ty-0.0.80-py3-none-manylinux_2_17_aarch64.manylinux2014_aarch64.whl", hash = "sha256:a9eb94b2659f506a3a07a9ea1415d5c18aaa1e554adc1612614d617a0ed320e1", size = 13083881, upload-time = "2026-09-09T21:18:17.616Z" },
    { url = "https://files.pythonhosted.org/packages/7f/c2/192d48b9a9acbbe030fc9a4bd73af75671a5566e731949f77e912a68ce68/ty-0.0.80-py3-none-manylinux_2_17_armv7l.manylinux2014_armv7l.whl", hash = "sha256:e2f5e39a87da48c1af1a3b3135f02be7a83a93da30b0d6a5f5d27806e7c747ce", size = 13354874, upload-time = "2026-09-09T21:18:19.744Z" },
    { url = "https://files.pythonhosted.org/packages/0a/5b/736dfd31efd98bed9dbe018ff91676e5ea83485b1e24afb635fd0247728f/ty-0.0.80-py3-none-manylinux_2_17_i686.manylinux2014_i686.whl", hash = "sha256:4e00149e7779c6b98f3ba12e10a631a861bd7ca1a42bbf064e2677ada7d2c0c2", size = 14204805, upload-time = "2026-09-09T21:18:21.999Z" },
    { url = "https://files.pythonhosted.org/packages/fd/6f/557c726cb53401998e3589bb632c963a6887a70240e0a4386024f3731c81/ty-0.0.80-py3-none-manylinux_2_17_ppc64le.manylinux2014_ppc64le.whl", hash = "sha256:a377268f359fb6e7a2cc9026a09223c764f58d020dec8e6baeaba9caba6ff829", size = 14630014, upload-time = "2026-09-09T21:18:24Z" },
    { url = "https://files.pythonhosted.org/packages/e9/19/7a4b18fe27f6b6bd4ffa56b67c8b09ecb76bb4312d1c64b73f65417b4dbd/ty-0.0.80-py3-none-manylinux_2_17_s390x.manylinux2014_s390x.whl", hash = "sha256:4511dbf1b266b9ce5b73e9b28d94468096c2b6da00e2fe205168c32d3b352ca7", size = 14326946, upload-time = "2026-09-09T21:18:26.679Z" },
    { url = "https://files.pythonhosted.org/packages/f8/95/16dd90805fc7e53ec54ae9fdb1a8b74753fb159a55a170f60f49b9417824/ty-0.0.80-py3-none-manylinux_2_17_x86_64.manylinux2014_x86_64.whl", hash = "sha256:fe95feffa7156800c6f804195acb9fb5846a39671c7192c30fff23351aaf7c31", size = 13705988, upload-time = "2026-09-09T21:18:28.681Z" },
    { url = "https://files.pythonhosted.org/packages/b1/09/4e87992c23ab8a742c7d4914ac5fe66fb9301c8464a69fd2ecbc0be3fbcd/ty-0.0.80-py3-none-manylinux_2_31_riscv64.whl", hash = "sha256:ba26b39f06bc8c3c2c5acd3a147239482b36620cdbca1b9d02e915294854f2cc", size = 14233729, upload-time = "2026-09-09T21:18:30.961Z" },
    { url = "https://files.pythonhosted.org/packages/36/e9/b8c11fda8e66a1d1cc1a7160ed719a33f4dc0107b1cef6a14e2673965763/ty-0.0.80-py3-none-musllinux_1_2_aarch64.whl", hash = "sha256:2e6167320888c115a6fbe69893b63fd1c848f9121a454e75e5f612674528e3f3", size = 13173523, upload-time = "2026-09-09T21:18:33.266Z" },
    { url = "https://files.pythonhosted.org/packages/73/a7/512083fa540c5be1ac8642658f03bfb5bfa6fd168ea4f55e3c0aabe04166/ty-0.0.80-py3-none-musllinux_1_2_armv7l.whl", hash = "sha256:7aecb62b4de70b479eab07d1779ea66da26dd8b068f50a9330867157312f103c", size = 13373014, upload-time = "2026-09-09T21:18:35.339Z" },
    { url = "https://files.pythonhosted.org/packages/5e/63/cd2f0ca81fd9b8cafef93bbcf022bf636bc4de8ee7465c6aafeec1d4d52b/ty-0.0.80-py3-none-musllinux_1_2_i686.whl", hash = "sha256:4fed06adacd16b7e2d722f37449021b1419598d0440769701c0f4827faddde63", size = 13667827, upload-time = "2026-09-09T21:18:37.241Z" },
    { url = "https://files.pythonhosted.org/packages/0d/5d/ebdfdcb2dc099ae74dc4b75511eef0dd398b2fa27006c543543974b4567f/ty-0.0.80-py3-none-musllinux_1_2_x86_64.whl", hash = "sha256:09329af6303ce611ec2cfffc995dc1ddf76c9f47194fc1a4d64a984759c25f5b", size = 13963866, upload-time = "2026-09-09T21:18:39.386Z" },
    { url = "https://files.pythonhosted.org/packages/c4/f6/c286d5e1b560cfd16d6e91fdab683718aacf09fc88938ca06dcc9d1c8502/ty-0.0.80-py3-none-win32.whl", hash = "sha256:a81b3b512f7b4c68e42fbd1835633de658809666e9aafd5defa52bbc5197698d", size = 12881806, upload-time = "2026-09-09T21:18:41.507Z" },
    { url = "https://files.pythonhosted.org/packages/fd/c8/3b3a8ac16d47a23ff34bf57c0d99a491860748aea96e0e886b4bfed54f9b/ty-0.0.80-py3-none-win_amd64.whl", hash = "sha256:8043f99878a2ae434781cb881c8a3840dff70c4a5b60bdc5ae84251f35ee063f", size = 13528883, upload-time = "2026-09-09T21:18:43.687Z" },
    { url = "https://files.pythonhosted.org/packages/2e/71/a6c697930fca76596d7d17f8853120f41a298fd9ea632c901cfca8ca869b/ty-0.0.80-py3-none-win_arm64.whl", hash = "sha256:e277ef034331da5319efc839c064968d24f35715b71c70369cf97d36fe4dcbdb", size = 13370135, upload-time = "2026-09-09T21:18:45.758Z" },
]

[[package]]
name = "virtualenv"
version = "21.7.7"
source = { registry = "https://pypi.org/simple" }
dependencies = [
    { name = "distlib" },
    { name = "filelock" },
    { name = "platformdirs" },
    { name = "python-discovery" },
]
sdist = { url = "https://files.pythonhosted.org/packages/79/41/c3f34799487924f2a6f43b8a8b7acd345a6c61aac2211d4bced8621ca4f1/virtualenv-21.7.7.tar.gz", hash = "sha256:6874376f99ba6b8d4e3ee8bde67f9285412400c7d5b29ba41ee6daa5e0221bdc", size = 5347022, upload-time = "2026-08-28T18:59:50.093Z" }
wheels = [
    { url = "https://files.pythonhosted.org/packages/95/f8/dcec8dc767b812193316c7debed1e2b53e586e59c267bfe517688ff90275/virtualenv-21.7.7-py3-none-any.whl", hash = "sha256:67a6a68fef3ad8ca16b8b89f33fd8f97996cc0bf0db31629d07ecf8dec539a2c", size = 5324620, upload-time = "2026-08-28T18:59:48.056Z" },
]
